
Microsoft Visual Studio Solution File, Format Version 12.00
# Visual Studio Version 17
VisualStudioVersion = 17.13.35806.99 d17.13
MinimumVisualStudioVersion = 10.0.40219.1
Project("{FAE04EC0-301F-11D3-BF4B-00C04F79EFBC}") = "Test1_WebAPI", "Test1_WebAPI\Test1_WebAPI.csproj", "{2D968AA1-FDBB-4536-A088-DD650F006824}"
EndProject
Global
	GlobalSection(SolutionConfigurationPlatforms) = preSolution
		Debug|Any CPU = Debug|Any CPU
		Release|Any CPU = Release|Any CPU
	EndGlobalSection
	GlobalSection(ProjectConfigurationPlatforms) = postSolution
		{2D968AA1-FDBB-4536-A088-DD650F006824}.Debug|Any CPU.ActiveCfg = Debug|Any CPU
		{2D968AA1-FDBB-4536-A088-DD650F006824}.Debug|Any CPU.Build.0 = Debug|Any CPU
		{2D968AA1-FDBB-4536-A088-DD650F006824}.Release|Any CPU.ActiveCfg = Release|Any CPU
		{2D968AA1-FDBB-4536-A088-DD650F006824}.Release|Any CPU.Build.0 = Release|Any CPU
	EndGlobalSection
	GlobalSection(SolutionProperties) = preSolution
		HideSolutionNode = FALSE
	EndGlobalSection
	GlobalSection(ExtensibilityGlobals) = postSolution
		SolutionGuid = {63003740-97F7-4BAA-811F-FA911FE82B30}
	EndGlobalSection
EndGlobal
